
Microsoft Visual Studio Solution File, Format Version 12.00
# Visual Studio Version 17
VisualStudioVersion = 17.5.002.0
MinimumVisualStudioVersion = 10.0.40219.1
Project("{9A19103F-16F7-4668-BE54-9A1E7A4F7556}") = "BookHub", "BookHub.csproj", "{D240BED0-9586-4A99-908D-450F4977D96C}"
EndProject
Global
	GlobalSection(SolutionConfigurationPlatforms) = preSolution
		Debug|Any CPU = Debug|Any CPU
		Release|Any CPU = Release|Any CPU
	EndGlobalSection
	GlobalSection(ProjectConfigurationPlatforms) = postSolution
		{D240BED0-9586-4A99-908D-450F4977D96C}.Debug|Any CPU.ActiveCfg = Debug|Any CPU
		{D240BED0-9586-4A99-908D-450F4977D96C}.Debug|Any CPU.Build.0 = Debug|Any CPU
		{D240BED0-9586-4A99-908D-450F4977D96C}.Release|Any CPU.ActiveCfg = Release|Any CPU
		{D240BED0-9586-4A99-908D-450F4977D96C}.Release|Any CPU.Build.0 = Release|Any CPU
	EndGlobalSection
	GlobalSection(SolutionProperties) = preSolution
		HideSolutionNode = FALSE
	EndGlobalSection
	GlobalSection(ExtensibilityGlobals) = postSolution
		SolutionGuid = {FE02E252-19B4-45AF-B233-23AC4F5C6519}
	EndGlobalSection
EndGlobal
